
Microsoft Visual Studio Solution File, Format Version 12.00
# Visual Studio 15
VisualStudioVersion = 15.0.27703.2042
MinimumVisualStudioVersion = 10.0.40219.1
Project("{FAE04EC0-301F-11D3-BF4B-00C04F79EFBC}") = "IEvangelist.Blazing.Chuck", "IEvangelist.Blazing.Chuck\IEvangelist.Blazing.Chuck.csproj", "{6A63C1D9-A67E-45E0-8C51-DB8BF8FF0FAA}"
EndProject
Global
	GlobalSection(SolutionConfigurationPlatforms) = preSolution
		Debug|Any CPU = Debug|Any CPU
		Release|Any CPU = Release|Any CPU
	EndGlobalSection
	GlobalSection(ProjectConfigurationPlatforms) = postSolution
		{6A63C1D9-A67E-45E0-8C51-DB8BF8FF0FAA}.Debug|Any CPU.ActiveCfg = Debug|Any CPU
		{6A63C1D9-A67E-45E0-8C51-DB8BF8FF0FAA}.Debug|Any CPU.Build.0 = Debug|Any CPU
		{6A63C1D9-A67E-45E0-8C51-DB8BF8FF0FAA}.Release|Any CPU.ActiveCfg = Release|Any CPU
		{6A63C1D9-A67E-45E0-8C51-DB8BF8FF0FAA}.Release|Any CPU.Build.0 = Release|Any CPU
	EndGlobalSection
	GlobalSection(SolutionProperties) = preSolution
		HideSolutionNode = FALSE
	EndGlobalSection
	GlobalSection(ExtensibilityGlobals) = postSolution
		SolutionGuid = {236C0785-718C-4888-9D89-C059FAF8BD43}
	EndGlobalSection
EndGlobal
